# Generated by pub
# See https://dart.dev/tools/pub/glossary#lockfile
packages:
  _flutterfire_internals:
    dependency: transitive
    description:
      name: _flutterfire_internals
      sha256: daa1d780fdecf8af925680c06c86563cdd445deea995d5c9176f1302a2b10bbe
      url: "https://pub.dev"
    source: hosted
    version: "1.3.48"
  agent_dart:
    dependency: transitive
    description:
      name: agent_dart
      sha256: e220d9eaa20345e1be06620f04a58657528317c4d5bc78506c1913a9b11f1bbf
      url: "https://pub.dev"
    source: hosted
    version: "1.0.0-dev.34"
  agent_dart_base:
    dependency: transitive
    description:
      name: agent_dart_base
      sha256: "8b5aa774d0f49267bb8acb0c1e7d03f41a77875b80c75afd0fe03e393c21c6de"
      url: "https://pub.dev"
    source: hosted
    version: "1.0.0-dev.34"
  agent_dart_ffi:
    dependency: transitive
    description:
      name: agent_dart_ffi
      sha256: "21b6cd27db1e04b214b940518242ef27147a505b58a87eab70940f7593dbb2ef"
      url: "https://pub.dev"
    source: hosted
    version: "1.0.0-dev.34"
  archive:
    dependency: transitive
    description:
      name: archive
      sha256: cb6a278ef2dbb298455e1a713bda08524a175630ec643a242c399c932a0a1f7d
      url: "https://pub.dev"
    source: hosted
    version: "3.6.1"
  args:
    dependency: transitive
    description:
      name: args
      sha256: bf9f5caeea8d8fe6721a9c358dd8a5c1947b27f1cfaa18b39c301273594919e6
      url: "https://pub.dev"
    source: hosted
    version: "2.6.0"
  async:
    dependency: transitive
    description:
      name: async
      sha256: "947bfcf187f74dbc5e146c9eb9c0f10c9f8b30743e341481c1e2ed3ecc18c20c"
      url: "https://pub.dev"
    source: hosted
    version: "2.11.0"
  bip32:
    dependency: transitive
    description:
      name: bip32
      sha256: "54787cd7a111e9d37394aabbf53d1fc5e2e0e0af2cd01c459147a97c0e3f8a97"
      url: "https://pub.dev"
    source: hosted
    version: "2.0.0"
  bip39:
    dependency: transitive
    description:
      name: bip39
      sha256: de1ee27ebe7d96b84bb3a04a4132a0a3007dcdd5ad27dd14aa87a29d97c45edc
      url: "https://pub.dev"
    source: hosted
    version: "1.0.6"
  blockchain_signer:
    dependency: transitive
    description:
      name: blockchain_signer
      sha256: aa62c62df1fec11dbce7516444715ae492862ebdf3108b8b464a1909827963cd
      url: "https://pub.dev"
    source: hosted
    version: "0.1.0"
  boolean_selector:
    dependency: transitive
    description:
      name: boolean_selector
      sha256: "6cfb5af12253eaf2b368f07bacc5a80d1301a071c73360d746b7f2e32d762c66"
      url: "https://pub.dev"
    source: hosted
    version: "2.1.1"
  bs58check:
    dependency: transitive
    description:
      name: bs58check
      sha256: c4a164d42b25c2f6bc88a8beccb9fc7d01440f3c60ba23663a20a70faf484ea9
      url: "https://pub.dev"
    source: hosted
    version: "1.0.2"
  build_cli_annotations:
    dependency: transitive
    description:
      name: build_cli_annotations
      sha256: b59d2769769efd6c9ff6d4c4cede0be115a566afc591705c2040b707534b1172
      url: "https://pub.dev"
    source: hosted
    version: "2.1.0"
  cbor:
    dependency: transitive
    description:
      name: cbor
      sha256: "1e0094d5f034c9dfc23f46cf8f8550da1d537c6f5c4ca196a7e02de80d7bbd55"
      url: "https://pub.dev"
    source: hosted
    version: "4.1.0"
  characters:
    dependency: transitive
    description:
      name: characters
      sha256: "04a925763edad70e8443c99234dc3328f442e811f1d8fd1a72f1c8ad0f69a605"
      url: "https://pub.dev"
    source: hosted
    version: "1.3.0"
  clock:
    dependency: transitive
    description:
      name: clock
      sha256: cb6d7f03e1de671e34607e909a7213e31d7752be4fb66a86d29fe1eb14bfb5cf
      url: "https://pub.dev"
    source: hosted
    version: "1.1.1"
  cloud_firestore:
    dependency: "direct main"
    description:
      name: cloud_firestore
      sha256: ba89d4ae6ddaea0241f50a2dc1ffe36f32891f1a6bc78540f55d79c7f8ed536a
      url: "https://pub.dev"
    source: hosted
    version: "5.6.0"
  cloud_firestore_platform_interface:
    dependency: transitive
    description:
      name: cloud_firestore_platform_interface
      sha256: "966cfd6beb2e943f3363a7bced4476533caa55d2338ffd876855c07e5296d1d7"
      url: "https://pub.dev"
    source: hosted
    version: "6.6.0"
  cloud_firestore_web:
    dependency: transitive
    description:
      name: cloud_firestore_web
      sha256: "110ba7ff3322c239527e5be3c0d471a3e14fd0a870b2feff96d1e527a2eae2bb"
      url: "https://pub.dev"
    source: hosted
    version: "4.4.0"
  collection:
    dependency: transitive
    description:
      name: collection
      sha256: a1ace0a119f20aabc852d165077c036cd864315bd99b7eaa10a60100341941bf
      url: "https://pub.dev"
    source: hosted
    version: "1.19.0"
  connectivity_plus:
    dependency: "direct main"
    description:
      name: connectivity_plus
      sha256: e0817759ec6d2d8e57eb234e6e57d2173931367a865850c7acea40d4b4f9c27d
      url: "https://pub.dev"
    source: hosted
    version: "6.1.1"
  connectivity_plus_platform_interface:
    dependency: transitive
    description:
      name: connectivity_plus_platform_interface
      sha256: "42657c1715d48b167930d5f34d00222ac100475f73d10162ddf43e714932f204"
      url: "https://pub.dev"
    source: hosted
    version: "2.0.1"
  convert:
    dependency: transitive
    description:
      name: convert
      sha256: b30acd5944035672bc15c6b7a8b47d773e41e2f17de064350988c5d02adb1c68
      url: "https://pub.dev"
    source: hosted
    version: "3.1.2"
  crypto:
    dependency: transitive
    description:
      name: crypto
      sha256: "1e445881f28f22d6140f181e07737b22f1e099a5e1ff94b0af2f9e4a463f4855"
      url: "https://pub.dev"
    source: hosted
    version: "3.0.6"
  cupertino_icons:
    dependency: "direct main"
    description:
      name: cupertino_icons
      sha256: ba631d1c7f7bef6b729a622b7b752645a2d076dba9976925b8f25725a30e1ee6
      url: "https://pub.dev"
    source: hosted
    version: "1.0.8"
  dbus:
    dependency: transitive
    description:
      name: dbus
      sha256: "365c771ac3b0e58845f39ec6deebc76e3276aa9922b0cc60840712094d9047ac"
      url: "https://pub.dev"
    source: hosted
    version: "0.7.10"
  device_info_plus:
    dependency: "direct main"
    description:
      name: device_info_plus
      sha256: "4fa68e53e26ab17b70ca39f072c285562cfc1589df5bb1e9295db90f6645f431"
      url: "https://pub.dev"
    source: hosted
    version: "11.2.0"
  device_info_plus_platform_interface:
    dependency: transitive
    description:
      name: device_info_plus_platform_interface
      sha256: "0b04e02b30791224b31969eb1b50d723498f402971bff3630bca2ba839bd1ed2"
      url: "https://pub.dev"
    source: hosted
    version: "7.0.2"
  eip1559:
    dependency: transitive
    description:
      name: eip1559
      sha256: c2b81ac85f3e0e71aaf558201dd9a4600f051ece7ebacd0c5d70065c9b458004
      url: "https://pub.dev"
    source: hosted
    version: "0.6.2"
  eip55:
    dependency: transitive
    description:
      name: eip55
      sha256: "213a9b86add87a5216328e8494b0ab836e401210c4d55eb5e521bd39e39169e1"
      url: "https://pub.dev"
    source: hosted
    version: "1.0.2"
  fake_async:
    dependency: transitive
    description:
      name: fake_async
      sha256: "511392330127add0b769b75a987850d136345d9227c6b94c96a04cf4a391bf78"
      url: "https://pub.dev"
    source: hosted
    version: "1.3.1"
  ffi:
    dependency: transitive
    description:
      name: ffi
      sha256: "16ed7b077ef01ad6170a3d0c57caa4a112a38d7a2ed5602e0aca9ca6f3d98da6"
      url: "https://pub.dev"
    source: hosted
    version: "2.1.3"
  file:
    dependency: transitive
    description:
      name: file
      sha256: a3b4f84adafef897088c160faf7dfffb7696046cb13ae90b508c2cbc95d3b8d4
      url: "https://pub.dev"
    source: hosted
    version: "7.0.1"
  firebase_auth:
    dependency: "direct main"
    description:
      name: firebase_auth
      sha256: "03483af6e67b7c4b696ca9386989a6cd5593569e1ac5af6907ea5f7fd9c16d8b"
      url: "https://pub.dev"
    source: hosted
    version: "5.3.4"
  firebase_auth_platform_interface:
    dependency: transitive
    description:
      name: firebase_auth_platform_interface
      sha256: "3e1409f48c48930635705b1237ebbdee8c54c19106a0a4fb321dbb4b642820c4"
      url: "https://pub.dev"
    source: hosted
    version: "7.4.10"
  firebase_auth_web:
    dependency: transitive
    description:
      name: firebase_auth_web
      sha256: d83fe95c44d73c9c29b006ac7df3aa5e1b8ce92b62edc44e8f86250951fe2cd0
      url: "https://pub.dev"
    source: hosted
    version: "5.13.5"
  firebase_core:
    dependency: "direct main"
    description:
      name: firebase_core
      sha256: "15d761b95dfa2906dfcc31b7fc6fe293188533d1a3ffe78389ba9e69bd7fdbde"
      url: "https://pub.dev"
    source: hosted
    version: "3.9.0"
  firebase_core_platform_interface:
    dependency: transitive
    description:
      name: firebase_core_platform_interface
      sha256: d7253d255ff10f85cfd2adaba9ac17bae878fa3ba577462451163bd9f1d1f0bf
      url: "https://pub.dev"
    source: hosted
    version: "5.4.0"
  firebase_core_web:
    dependency: transitive
    description:
      name: firebase_core_web
      sha256: fbc008cf390d909b823763064b63afefe9f02d8afdb13eb3f485b871afee956b
      url: "https://pub.dev"
    source: hosted
    version: "2.19.0"
  firebase_messaging:
    dependency: "direct main"
    description:
      name: firebase_messaging
      sha256: "151a3ee68736abf293aab66d1317ade53c88abe1db09c75a0460aebf7767bbdf"
      url: "https://pub.dev"
    source: hosted
    version: "15.1.6"
  firebase_messaging_platform_interface:
    dependency: transitive
    description:
      name: firebase_messaging_platform_interface
      sha256: f331ee51e40c243f90cc7bc059222dfec4e5df53125b08d31fb28961b00d2a9d
      url: "https://pub.dev"
    source: hosted
    version: "4.5.49"
  firebase_messaging_web:
    dependency: transitive
    description:
      name: firebase_messaging_web
      sha256: efaf3fdc54cd77e0eedb8e75f7f01c808828c64d052ddbf94d3009974e47d30f
      url: "https://pub.dev"
    source: hosted
    version: "3.9.5"
  fixnum:
    dependency: transitive
    description:
      name: fixnum
      sha256: b6dc7065e46c974bc7c5f143080a6764ec7a4be6da1285ececdc37be96de53be
      url: "https://pub.dev"
    source: hosted
    version: "1.1.1"
  flutter:
    dependency: "direct main"
    description: flutter
    source: sdk
    version: "0.0.0"
  flutter_lints:
    dependency: "direct dev"
    description:
      name: flutter_lints
      sha256: "5398f14efa795ffb7a33e9b6a08798b26a180edac4ad7db3f231e40f82ce11e1"
      url: "https://pub.dev"
    source: hosted
    version: "5.0.0"
  flutter_rust_bridge:
    dependency: transitive
    description:
      name: flutter_rust_bridge
      sha256: "0ad5079de35d317650fec59b26cb4d0c116ebc2ce703a29f9367513b8a91c287"
      url: "https://pub.dev"
    source: hosted
    version: "2.5.0"
  flutter_test:
    dependency: "direct dev"
    description: flutter
    source: sdk
    version: "0.0.0"
  flutter_web_plugins:
    dependency: transitive
    description: flutter
    source: sdk
    version: "0.0.0"
  freezed_annotation:
    dependency: transitive
    description:
      name: freezed_annotation
      sha256: c2e2d632dd9b8a2b7751117abcfc2b4888ecfe181bd9fca7170d9ef02e595fe2
      url: "https://pub.dev"
    source: hosted
    version: "2.4.4"
  hex:
    dependency: transitive
    description:
      name: hex
      sha256: "4e7cd54e4b59ba026432a6be2dd9d96e4c5205725194997193bf871703b82c4a"
      url: "https://pub.dev"
    source: hosted
    version: "0.2.0"
  http:
    dependency: "direct main"
    description:
      name: http
      sha256: b9c29a161230ee03d3ccf545097fccd9b87a5264228c5d348202e0f0c28f9010
      url: "https://pub.dev"
    source: hosted
    version: "1.2.2"
  http_parser:
    dependency: transitive
    description:
      name: http_parser
      sha256: "178d74305e7866013777bab2c3d8726205dc5a4dd935297175b19a23a2e66571"
      url: "https://pub.dev"
    source: hosted
    version: "4.1.2"
  js:
    dependency: transitive
    description:
      name: js
      sha256: c1b2e9b5ea78c45e1a0788d29606ba27dc5f71f019f32ca5140f61ef071838cf
      url: "https://pub.dev"
    source: hosted
    version: "0.7.1"
  json_annotation:
    dependency: transitive
    description:
      name: json_annotation
      sha256: "1ce844379ca14835a50d2f019a3099f419082cfdd231cd86a142af94dd5c6bb1"
      url: "https://pub.dev"
    source: hosted
    version: "4.9.0"
  json_rpc_2:
    dependency: transitive
    description:
      name: json_rpc_2
      sha256: "246b321532f0e8e2ba474b4d757eaa558ae4fdd0688fdbc1e1ca9705f9b8ca0e"
      url: "https://pub.dev"
    source: hosted
    version: "3.0.3"
  leak_tracker:
    dependency: transitive
    description:
      name: leak_tracker
      sha256: "7bb2830ebd849694d1ec25bf1f44582d6ac531a57a365a803a6034ff751d2d06"
      url: "https://pub.dev"
    source: hosted
    version: "10.0.7"
  leak_tracker_flutter_testing:
    dependency: transitive
    description:
      name: leak_tracker_flutter_testing
      sha256: "9491a714cca3667b60b5c420da8217e6de0d1ba7a5ec322fab01758f6998f379"
      url: "https://pub.dev"
    source: hosted
    version: "3.0.8"
  leak_tracker_testing:
    dependency: transitive
    description:
      name: leak_tracker_testing
      sha256: "6ba465d5d76e67ddf503e1161d1f4a6bc42306f9d66ca1e8f079a47290fb06d3"
      url: "https://pub.dev"
    source: hosted
    version: "3.0.1"
  lints:
    dependency: transitive
    description:
      name: lints
      sha256: c35bb79562d980e9a453fc715854e1ed39e24e7d0297a880ef54e17f9874a9d7
      url: "https://pub.dev"
    source: hosted
    version: "5.1.1"
  magic_sdk:
    dependency: "direct main"
    description:
      name: magic_sdk
      sha256: "787058c90c35422f39b340f23ceeb9720c7061cc7b483d5a22534c7cd78c158d"
      url: "https://pub.dev"
    source: hosted
    version: "6.0.1"
  matcher:
    dependency: transitive
    description:
      name: matcher
      sha256: d2323aa2060500f906aa31a895b4030b6da3ebdcc5619d14ce1aada65cd161cb
      url: "https://pub.dev"
    source: hosted
    version: "0.12.16+1"
  material_color_utilities:
    dependency: transitive
    description:
      name: material_color_utilities
      sha256: f7142bb1154231d7ea5f96bc7bde4bda2a0945d2806bb11670e30b850d56bdec
      url: "https://pub.dev"
    source: hosted
    version: "0.11.1"
  meta:
    dependency: transitive
    description:
      name: meta
      sha256: bdb68674043280c3428e9ec998512fb681678676b3c54e773629ffe74419f8c7
      url: "https://pub.dev"
    source: hosted
    version: "1.15.0"
  nm:
    dependency: transitive
    description:
      name: nm
      sha256: "2c9aae4127bdc8993206464fcc063611e0e36e72018696cd9631023a31b24254"
      url: "https://pub.dev"
    source: hosted
    version: "0.5.0"
  package_info_plus:
    dependency: transitive
    description:
      name: package_info_plus
      sha256: "7e76fad405b3e4016cd39d08f455a4eb5199723cf594cd1b8916d47140d93017"
      url: "https://pub.dev"
    source: hosted
    version: "4.2.0"
  package_info_plus_platform_interface:
    dependency: transitive
    description:
      name: package_info_plus_platform_interface
      sha256: "9bc8ba46813a4cc42c66ab781470711781940780fd8beddd0c3da62506d3a6c6"
      url: "https://pub.dev"
    source: hosted
    version: "2.0.1"
  path:
    dependency: transitive
    description:
      name: path
      sha256: "087ce49c3f0dc39180befefc60fdb4acd8f8620e5682fe2476afd0b3688bb4af"
      url: "https://pub.dev"
    source: hosted
    version: "1.9.0"
  path_provider_linux:
    dependency: transitive
    description:
      name: path_provider_linux
      sha256: f7a1fe3a634fe7734c8d3f2766ad746ae2a2884abe22e241a8b301bf5cac3279
      url: "https://pub.dev"
    source: hosted
    version: "2.2.1"
  path_provider_platform_interface:
    dependency: transitive
    description:
      name: path_provider_platform_interface
      sha256: "88f5779f72ba699763fa3a3b06aa4bf6de76c8e5de842cf6f29e2e06476c2334"
      url: "https://pub.dev"
    source: hosted
    version: "2.1.2"
  path_provider_windows:
    dependency: transitive
    description:
      name: path_provider_windows
      sha256: bd6f00dbd873bfb70d0761682da2b3a2c2fccc2b9e84c495821639601d81afe7
      url: "https://pub.dev"
    source: hosted
    version: "2.3.0"
  petitparser:
    dependency: transitive
    description:
      name: petitparser
      sha256: c15605cd28af66339f8eb6fbe0e541bfe2d1b72d5825efc6598f3e0a31b9ad27
      url: "https://pub.dev"
    source: hosted
    version: "6.0.2"
  platform:
    dependency: transitive
    description:
      name: platform
      sha256: "5d6b1b0036a5f331ebc77c850ebc8506cbc1e9416c27e59b439f917a902a4984"
      url: "https://pub.dev"
    source: hosted
    version: "3.1.6"
  plugin_platform_interface:
    dependency: transitive
    description:
      name: plugin_platform_interface
      sha256: "4820fbfdb9478b1ebae27888254d445073732dae3d6ea81f0b7e06d5dedc3f02"
      url: "https://pub.dev"
    source: hosted
    version: "2.1.8"
  pointycastle:
    dependency: transitive
    description:
      name: pointycastle
      sha256: "4be0097fcf3fd3e8449e53730c631200ebc7b88016acecab2b0da2f0149222fe"
      url: "https://pub.dev"
    source: hosted
    version: "3.9.1"
  protobuf:
    dependency: transitive
    description:
      name: protobuf
      sha256: "68645b24e0716782e58948f8467fd42a880f255096a821f9e7d0ec625b00c84d"
      url: "https://pub.dev"
    source: hosted
    version: "3.1.0"
  recase:
    dependency: transitive
    description:
      name: recase
      sha256: e4eb4ec2dcdee52dcf99cb4ceabaffc631d7424ee55e56f280bc039737f89213
      url: "https://pub.dev"
    source: hosted
    version: "4.1.0"
  sec:
    dependency: transitive
    description:
      name: sec
      sha256: "8bbd56df884502192a441b5f5d667265498f2f8728a282beccd9db79e215f379"
      url: "https://pub.dev"
    source: hosted
    version: "1.1.0"
  secp256r1:
    dependency: transitive
    description:
      name: secp256r1
      sha256: "63835b9315eacaf27ef00bade62369a025a83c1118fc54ee97370b6812e13aa0"
      url: "https://pub.dev"
    source: hosted
    version: "0.1.0-dev.8"
  shared_preferences:
    dependency: "direct main"
    description:
      name: shared_preferences
      sha256: a752ce92ea7540fc35a0d19722816e04d0e72828a4200e83a98cf1a1eb524c9a
      url: "https://pub.dev"
    source: hosted
    version: "2.3.5"
  shared_preferences_android:
    dependency: transitive
    description:
      name: shared_preferences_android
      sha256: "02a7d8a9ef346c9af715811b01fbd8e27845ad2c41148eefd31321471b41863d"
      url: "https://pub.dev"
    source: hosted
    version: "2.4.0"
  shared_preferences_foundation:
    dependency: transitive
    description:
      name: shared_preferences_foundation
      sha256: "6a52cfcdaeac77cad8c97b539ff688ccfc458c007b4db12be584fbe5c0e49e03"
      url: "https://pub.dev"
    source: hosted
    version: "2.5.4"
  shared_preferences_linux:
    dependency: transitive
    description:
      name: shared_preferences_linux
      sha256: "580abfd40f415611503cae30adf626e6656dfb2f0cee8f465ece7b6defb40f2f"
      url: "https://pub.dev"
    source: hosted
    version: "2.4.1"
  shared_preferences_platform_interface:
    dependency: transitive
    description:
      name: shared_preferences_platform_interface
      sha256: "57cbf196c486bc2cf1f02b85784932c6094376284b3ad5779d1b1c6c6a816b80"
      url: "https://pub.dev"
    source: hosted
    version: "2.4.1"
  shared_preferences_web:
    dependency: transitive
    description:
      name: shared_preferences_web
      sha256: d2ca4132d3946fec2184261726b355836a82c33d7d5b67af32692aff18a4684e
      url: "https://pub.dev"
    source: hosted
    version: "2.4.2"
  shared_preferences_windows:
    dependency: transitive
    description:
      name: shared_preferences_windows
      sha256: "94ef0f72b2d71bc3e700e025db3710911bd51a71cefb65cc609dd0d9a982e3c1"
      url: "https://pub.dev"
    source: hosted
    version: "2.4.1"
  sky_engine:
    dependency: transitive
    description: flutter
    source: sdk
    version: "0.0.0"
  source_span:
    dependency: transitive
    description:
      name: source_span
      sha256: "53e943d4206a5e30df338fd4c6e7a077e02254531b138a15aec3bd143c1a8b3c"
      url: "https://pub.dev"
    source: hosted
    version: "1.10.0"
  stack_trace:
    dependency: transitive
    description:
      name: stack_trace
      sha256: "9f47fd3630d76be3ab26f0ee06d213679aa425996925ff3feffdec504931c377"
      url: "https://pub.dev"
    source: hosted
    version: "1.12.0"
  stream_channel:
    dependency: transitive
    description:
      name: stream_channel
      sha256: ba2aa5d8cc609d96bbb2899c28934f9e1af5cddbd60a827822ea467161eb54e7
      url: "https://pub.dev"
    source: hosted
    version: "2.1.2"
  stream_transform:
    dependency: transitive
    description:
      name: stream_transform
      sha256: ad47125e588cfd37a9a7f86c7d6356dde8dfe89d071d293f80ca9e9273a33871
      url: "https://pub.dev"
    source: hosted
    version: "2.1.1"
  string_scanner:
    dependency: transitive
    description:
      name: string_scanner
      sha256: "688af5ed3402a4bde5b3a6c15fd768dbf2621a614950b17f04626c431ab3c4c3"
      url: "https://pub.dev"
    source: hosted
    version: "1.3.0"
  term_glyph:
    dependency: transitive
    description:
      name: term_glyph
      sha256: a29248a84fbb7c79282b40b8c72a1209db169a2e0542bce341da992fe1bc7e84
      url: "https://pub.dev"
    source: hosted
    version: "1.2.1"
  test_api:
    dependency: transitive
    description:
      name: test_api
      sha256: "664d3a9a64782fcdeb83ce9c6b39e78fd2971d4e37827b9b06c3aa1edc5e760c"
      url: "https://pub.dev"
    source: hosted
    version: "0.7.3"
  tuple:
    dependency: transitive
    description:
      name: tuple
      sha256: a97ce2013f240b2f3807bcbaf218765b6f301c3eff91092bcfa23a039e7dd151
      url: "https://pub.dev"
    source: hosted
    version: "2.0.2"
  typed_data:
    dependency: transitive
    description:
      name: typed_data
      sha256: f9049c039ebfeb4cf7a7104a675823cd72dba8297f264b6637062516699fa006
      url: "https://pub.dev"
    source: hosted
    version: "1.4.0"
  uuid:
    dependency: transitive
    description:
      name: uuid
      sha256: "648e103079f7c64a36dc7d39369cabb358d377078a051d6ae2ad3aa539519313"
      url: "https://pub.dev"
    source: hosted
    version: "3.0.7"
  validators:
    dependency: transitive
    description:
      name: validators
      sha256: "884515951f831a9c669a41ed6c4d3c61c2a0e8ec6bca761a4480b28e99cecf5d"
      url: "https://pub.dev"
    source: hosted
    version: "3.0.0"
  vector_math:
    dependency: transitive
    description:
      name: vector_math
      sha256: "80b3257d1492ce4d091729e3a67a60407d227c27241d6927be0130c98e741803"
      url: "https://pub.dev"
    source: hosted
    version: "2.1.4"
  vm_service:
    dependency: transitive
    description:
      name: vm_service
      sha256: f6be3ed8bd01289b34d679c2b62226f63c0e69f9fd2e50a6b3c1c729a961041b
      url: "https://pub.dev"
    source: hosted
    version: "14.3.0"
  wallet:
    dependency: transitive
    description:
      name: wallet
      sha256: "687fd89a16557649b26189e597792962f405797fc64113e8758eabc2c2605c32"
      url: "https://pub.dev"
    source: hosted
    version: "0.0.13"
  web:
    dependency: transitive
    description:
      name: web
      sha256: cd3543bd5798f6ad290ea73d210f423502e71900302dde696f8bff84bf89a1cb
      url: "https://pub.dev"
    source: hosted
    version: "1.1.0"
  web3dart:
    dependency: transitive
    description:
      name: web3dart
      sha256: eb4302857aec35f8eb51a54c4bcea40f0647f1160683291ec77bfeff6dae6c08
      url: "https://pub.dev"
    source: hosted
    version: "2.7.0"
  webview_flutter:
    dependency: transitive
    description:
      name: webview_flutter
      sha256: ec81f57aa1611f8ebecf1d2259da4ef052281cb5ad624131c93546c79ccc7736
      url: "https://pub.dev"
    source: hosted
    version: "4.9.0"
  webview_flutter_android:
    dependency: transitive
    description:
      name: webview_flutter_android
      sha256: "47a8da40d02befda5b151a26dba71f47df471cddd91dfdb7802d0a87c5442558"
      url: "https://pub.dev"
    source: hosted
    version: "3.16.9"
  webview_flutter_platform_interface:
    dependency: transitive
    description:
      name: webview_flutter_platform_interface
      sha256: d937581d6e558908d7ae3dc1989c4f87b786891ab47bb9df7de548a151779d8d
      url: "https://pub.dev"
    source: hosted
    version: "2.10.0"
  webview_flutter_wkwebview:
    dependency: transitive
    description:
      name: webview_flutter_wkwebview
      sha256: b7e92f129482460951d96ef9a46b49db34bd2e1621685de26e9eaafd9674e7eb
      url: "https://pub.dev"
    source: hosted
    version: "3.16.3"
  win32:
    dependency: transitive
    description:
      name: win32
      sha256: "154360849a56b7b67331c21f09a386562d88903f90a1099c5987afc1912e1f29"
      url: "https://pub.dev"
    source: hosted
    version: "5.10.0"
  win32_registry:
    dependency: transitive
    description:
      name: win32_registry
      sha256: "21ec76dfc731550fd3e2ce7a33a9ea90b828fdf19a5c3bcf556fa992cfa99852"
      url: "https://pub.dev"
    source: hosted
    version: "1.1.5"
  xdg_directories:
    dependency: transitive
    description:
      name: xdg_directories
      sha256: "7a3f37b05d989967cdddcbb571f1ea834867ae2faa29725fd085180e0883aa15"
      url: "https://pub.dev"
    source: hosted
    version: "1.1.0"
  xml:
    dependency: transitive
    description:
      name: xml
      sha256: b015a8ad1c488f66851d762d3090a21c600e479dc75e68328c52774040cf9226
      url: "https://pub.dev"
    source: hosted
    version: "6.5.0"
sdks:
  dart: ">=3.6.0 <4.0.0"
  flutter: ">=3.24.0"
